// !$*UTF8*$!
{
	archiveVersion = 1;
	classes = {
	};
	objectVersion = 77;
	objects = {

/* Begin PBXBuildFile section */
		02F44A9F65938520083CC58E /* DenverDTOs.swift in Sources */ = {isa = PBXBuildFile; fileRef = FCC9300C2575B21C33829EEE /* DenverDTOs.swift */; };
		1968757C66AA9F51EC19429C /* DenverAPIClient.swift in Sources */ = {isa = PBXBuildFile; fileRef = 7165AB387F3447E6C6D25E32 /* DenverAPIClient.swift */; };
		1D6C2E2CFC738A1962BDF7CE /* ExifService.swift in Sources */ = {isa = PBXBuildFile; fileRef = E7D0E5C442C5F7FB0A27799A /* ExifService.swift */; };
		1F27D3117D6A36D5E2F7E374 /* AddressNormalizer.swift in Sources */ = {isa = PBXBuildFile; fileRef = 4E4D17644029DF1E2491E29A /* AddressNormalizer.swift */; };
		2B254B7AE01EDBDA2BFA88C7 /* BikeLanesApp.swift in Sources */ = {isa = PBXBuildFile; fileRef = 920CC557048BFE0057AE61C5 /* BikeLanesApp.swift */; };
		3C1E268538256A547A2A07CC /* BikeLanesTests.swift in Sources */ = {isa = PBXBuildFile; fileRef = CA9FEAAF1023FF6ED074F712 /* BikeLanesTests.swift */; };
		3D841E42099DCB310EAAFB63 /* Enums.swift in Sources */ = {isa = PBXBuildFile; fileRef = 88EEBB039EB64EF8537C9187 /* Enums.swift */; };
		47162AF3E1A4BD573A6F9B21 /* GeocodeService.swift in Sources */ = {isa = PBXBuildFile; fileRef = 0CFE76492BB1B86867E7B95D /* GeocodeService.swift */; };
		4D883DCC87AB7388635D9E37 /* AddressNormalizerTests.swift in Sources */ = {isa = PBXBuildFile; fileRef = C6E39AB08C337CFB023B23A6 /* AddressNormalizerTests.swift */; };
		4F5B33CF1F02DC4A4C0E1C7D /* VehicleDetectorTests.swift in Sources */ = {isa = PBXBuildFile; fileRef = BD95F78A0171E31B56E3025A /* VehicleDetectorTests.swift */; };
		52BEF65225C7614EBB679F99 /* DenverAddress.swift in Sources */ = {isa = PBXBuildFile; fileRef = 42D970997DCC2E57329DBE23 /* DenverAddress.swift */; };
		59825075DA4AC24BC8BBD9F2 /* PlateOCRServiceTests.swift in Sources */ = {isa = PBXBuildFile; fileRef = 528479C328B70CA11ADE38C4 /* PlateOCRServiceTests.swift */; };
		5B5E0B3A610C1EBEF1D57070 /* Multipart.swift in Sources */ = {isa = PBXBuildFile; fileRef = E35FEAFC973ECCDCC38025A5 /* Multipart.swift */; };
		60EC0767F26389AF70684300 /* GeocodeServiceTests.swift in Sources */ = {isa = PBXBuildFile; fileRef = 829CEA62FED53C9191F08150 /* GeocodeServiceTests.swift */; };
		685D5A6047B7906079BBE3BA /* VehicleDetector.swift in Sources */ = {isa = PBXBuildFile; fileRef = C1B2647E77E06DBD5E4A4A24 /* VehicleDetector.swift */; };
		69649F41D440CB93FE121881 /* PlateOCRService.swift in Sources */ = {isa = PBXBuildFile; fileRef = FF79F889E18D7C0F4E8F9D3A /* PlateOCRService.swift */; };
		74D0421ECAD240320E04371B /* DenverEndpoints.swift in Sources */ = {isa = PBXBuildFile; fileRef = 0179735DE1E80F82434B4602 /* DenverEndpoints.swift */; };
		7B17CDDC9FDDFE086D5FEBDC /* DenverDTOsTests.swift in Sources */ = {isa = PBXBuildFile; fileRef = ABBF0680664CB0F00F423219 /* DenverDTOsTests.swift */; };
		7B7723517BBDBC70B6D49433 /* LiveAPIIntegrationTests.swift in Sources */ = {isa = PBXBuildFile; fileRef = 4178B79218D6A4B7E410428B /* LiveAPIIntegrationTests.swift */; };
		805F165A822179BA313C8167 /* VehicleDetectorSmokeTests.swift in Sources */ = {isa = PBXBuildFile; fileRef = F4FC5AD994C48FC6CA3BD17D /* VehicleDetectorSmokeTests.swift */; };
		80D331F83758E3F62A6DFCA7 /* ExifServiceTests.swift in Sources */ = {isa = PBXBuildFile; fileRef = 372AC6D55D6D2F10D7256A1C /* ExifServiceTests.swift */; };
		AAE480938978FA6A577AB4EC /* IMG_3239.HEIC in Resources */ = {isa = PBXBuildFile; fileRef = 64CD891CA224757AA0BF6038 /* IMG_3239.HEIC */; };
		AD9FF671C76154D53B5B1E91 /* DenverAPIClientTests.swift in Sources */ = {isa = PBXBuildFile; fileRef = 5453164CF19C9675497614FE /* DenverAPIClientTests.swift */; };
		B096F307A3D64E9C32DD6A2E /* MultipartTests.swift in Sources */ = {isa = PBXBuildFile; fileRef = 84EBD707D6DEDEE5421668B1 /* MultipartTests.swift */; };
		B5D60BE663106F917F140215 /* DenverEndpointsTests.swift in Sources */ = {isa = PBXBuildFile; fileRef = 99103EEFD3BD6E7721B94614 /* DenverEndpointsTests.swift */; };
		BC86972CA78ECCD29DC5762A /* NoGPS.jpg in Resources */ = {isa = PBXBuildFile; fileRef = C3EA987F1D6644BB273D5D57 /* NoGPS.jpg */; };
		CE2F6130D24052B69479A2D8 /* ReportDraft.swift in Sources */ = {isa = PBXBuildFile; fileRef = CC3F0EA9E26D8EC678F5CDCD /* ReportDraft.swift */; };
		CFB4A3E0C4276F717D50F123 /* EnumsTests.swift in Sources */ = {isa = PBXBuildFile; fileRef = A3D5DB350F54D44D856B5005 /* EnumsTests.swift */; };
		DC452A7C60883F57A098DA0A /* IMG_3239_car.jpg in Resources */ = {isa = PBXBuildFile; fileRef = CEB0E3A586EC1D061EC5EF0C /* IMG_3239_car.jpg */; };
		EA3350D6C81D211DB3C59781 /* StoredCase.swift in Sources */ = {isa = PBXBuildFile; fileRef = 7490EA148B766AAE39BCA1D9 /* StoredCase.swift */; };
		EFECC5FD1FA6102B87CA9B99 /* BikeLanesUITests.swift in Sources */ = {isa = PBXBuildFile; fileRef = 58C5287D058BEB946D7A3E8A /* BikeLanesUITests.swift */; };
		FBEB25E71D9950B2963D41EA /* YOLOv11nCar.mlpackage in Sources */ = {isa = PBXBuildFile; fileRef = C653C1DC180D08491DEF7CCC /* YOLOv11nCar.mlpackage */; };
/* End PBXBuildFile section */

/* Begin PBXContainerItemProxy section */
		1C2CAAB0B190DFAFDF17ED88 /* PBXContainerItemProxy */ = {
			isa = PBXContainerItemProxy;
			containerPortal = 7AC87E9B14010A513A128901 /* Project object */;
			proxyType = 1;
			remoteGlobalIDString = DFFE9A770BD3C05C54BD98FF;
			remoteInfo = BikeLanes;
		};
		C642BF0A1D7C035EB190E1A7 /* PBXContainerItemProxy */ = {
			isa = PBXContainerItemProxy;
			containerPortal = 7AC87E9B14010A513A128901 /* Project object */;
			proxyType = 1;
			remoteGlobalIDString = DFFE9A770BD3C05C54BD98FF;
			remoteInfo = BikeLanes;
		};
/* End PBXContainerItemProxy section */

/* Begin PBXFileReference section */
		0179735DE1E80F82434B4602 /* DenverEndpoints.swift */ = {isa = PBXFileReference; lastKnownFileType = sourcecode.swift; path = DenverEndpoints.swift; sourceTree = "<group>"; };
		0CFE76492BB1B86867E7B95D /* GeocodeService.swift */ = {isa = PBXFileReference; lastKnownFileType = sourcecode.swift; path = GeocodeService.swift; sourceTree = "<group>"; };
		221927E0F3698AF42FD56436 /* BikeLanesUITests.xctest */ = {isa = PBXFileReference; includeInIndex = 0; lastKnownFileType = wrapper.cfbundle; path = BikeLanesUITests.xctest; sourceTree = BUILT_PRODUCTS_DIR; };
		2F93AAA295AACCA0D7D70904 /* BikeLanes.app */ = {isa = PBXFileReference; includeInIndex = 0; lastKnownFileType = wrapper.application; path = BikeLanes.app; sourceTree = BUILT_PRODUCTS_DIR; };
		372AC6D55D6D2F10D7256A1C /* ExifServiceTests.swift */ = {isa = PBXFileReference; lastKnownFileType = sourcecode.swift; path = ExifServiceTests.swift; sourceTree = "<group>"; };
		4178B79218D6A4B7E410428B /* LiveAPIIntegrationTests.swift */ = {isa = PBXFileReference; lastKnownFileType = sourcecode.swift; path = LiveAPIIntegrationTests.swift; sourceTree = "<group>"; };
		42D970997DCC2E57329DBE23 /* DenverAddress.swift */ = {isa = PBXFileReference; lastKnownFileType = sourcecode.swift; path = DenverAddress.swift; sourceTree = "<group>"; };
		4E4D17644029DF1E2491E29A /* AddressNormalizer.swift */ = {isa = PBXFileReference; lastKnownFileType = sourcecode.swift; path = AddressNormalizer.swift; sourceTree = "<group>"; };
		528479C328B70CA11ADE38C4 /* PlateOCRServiceTests.swift */ = {isa = PBXFileReference; lastKnownFileType = sourcecode.swift; path = PlateOCRServiceTests.swift; sourceTree = "<group>"; };
		5453164CF19C9675497614FE /* DenverAPIClientTests.swift */ = {isa = PBXFileReference; lastKnownFileType = sourcecode.swift; path = DenverAPIClientTests.swift; sourceTree = "<group>"; };
		58C5287D058BEB946D7A3E8A /* BikeLanesUITests.swift */ = {isa = PBXFileReference; lastKnownFileType = sourcecode.swift; path = BikeLanesUITests.swift; sourceTree = "<group>"; };
		64CD891CA224757AA0BF6038 /* IMG_3239.HEIC */ = {isa = PBXFileReference; path = IMG_3239.HEIC; sourceTree = "<group>"; };
		7165AB387F3447E6C6D25E32 /* DenverAPIClient.swift */ = {isa = PBXFileReference; lastKnownFileType = sourcecode.swift; path = DenverAPIClient.swift; sourceTree = "<group>"; };
		7490EA148B766AAE39BCA1D9 /* StoredCase.swift */ = {isa = PBXFileReference; lastKnownFileType = sourcecode.swift; path = StoredCase.swift; sourceTree = "<group>"; };
		829CEA62FED53C9191F08150 /* GeocodeServiceTests.swift */ = {isa = PBXFileReference; lastKnownFileType = sourcecode.swift; path = GeocodeServiceTests.swift; sourceTree = "<group>"; };
		84EBD707D6DEDEE5421668B1 /* MultipartTests.swift */ = {isa = PBXFileReference; lastKnownFileType = sourcecode.swift; path = MultipartTests.swift; sourceTree = "<group>"; };
		88EEBB039EB64EF8537C9187 /* Enums.swift */ = {isa = PBXFileReference; lastKnownFileType = sourcecode.swift; path = Enums.swift; sourceTree = "<group>"; };
		920CC557048BFE0057AE61C5 /* BikeLanesApp.swift */ = {isa = PBXFileReference; lastKnownFileType = sourcecode.swift; path = BikeLanesApp.swift; sourceTree = "<group>"; };
		99103EEFD3BD6E7721B94614 /* DenverEndpointsTests.swift */ = {isa = PBXFileReference; lastKnownFileType = sourcecode.swift; path = DenverEndpointsTests.swift; sourceTree = "<group>"; };
		9C69D46D38EA2E0858C25DC7 /* Info.plist */ = {isa = PBXFileReference; lastKnownFileType = text.plist; path = Info.plist; sourceTree = "<group>"; };
		A3D5DB350F54D44D856B5005 /* EnumsTests.swift */ = {isa = PBXFileReference; lastKnownFileType = sourcecode.swift; path = EnumsTests.swift; sourceTree = "<group>"; };
		ABBF0680664CB0F00F423219 /* DenverDTOsTests.swift */ = {isa = PBXFileReference; lastKnownFileType = sourcecode.swift; path = DenverDTOsTests.swift; sourceTree = "<group>"; };
		BD95F78A0171E31B56E3025A /* VehicleDetectorTests.swift */ = {isa = PBXFileReference; lastKnownFileType = sourcecode.swift; path = VehicleDetectorTests.swift; sourceTree = "<group>"; };
		C1B2647E77E06DBD5E4A4A24 /* VehicleDetector.swift */ = {isa = PBXFileReference; lastKnownFileType = sourcecode.swift; path = VehicleDetector.swift; sourceTree = "<group>"; };
		C3EA987F1D6644BB273D5D57 /* NoGPS.jpg */ = {isa = PBXFileReference; lastKnownFileType = image.jpeg; path = NoGPS.jpg; sourceTree = "<group>"; };
		C653C1DC180D08491DEF7CCC /* YOLOv11nCar.mlpackage */ = {isa = PBXFileReference; path = YOLOv11nCar.mlpackage; sourceTree = "<group>"; };
		C6E39AB08C337CFB023B23A6 /* AddressNormalizerTests.swift */ = {isa = PBXFileReference; lastKnownFileType = sourcecode.swift; path = AddressNormalizerTests.swift; sourceTree = "<group>"; };
		CA9FEAAF1023FF6ED074F712 /* BikeLanesTests.swift */ = {isa = PBXFileReference; lastKnownFileType = sourcecode.swift; path = BikeLanesTests.swift; sourceTree = "<group>"; };
		CC3F0EA9E26D8EC678F5CDCD /* ReportDraft.swift */ = {isa = PBXFileReference; lastKnownFileType = sourcecode.swift; path = ReportDraft.swift; sourceTree = "<group>"; };
		CEB0E3A586EC1D061EC5EF0C /* IMG_3239_car.jpg */ = {isa = PBXFileReference; lastKnownFileType = image.jpeg; path = IMG_3239_car.jpg; sourceTree = "<group>"; };
		DB5DDB44E39405EA89B9249D /* BikeLanesTests.xctest */ = {isa = PBXFileReference; includeInIndex = 0; lastKnownFileType = wrapper.cfbundle; path = BikeLanesTests.xctest; sourceTree = BUILT_PRODUCTS_DIR; };
		E35FEAFC973ECCDCC38025A5 /* Multipart.swift */ = {isa = PBXFileReference; lastKnownFileType = sourcecode.swift; path = Multipart.swift; sourceTree = "<group>"; };
		E7D0E5C442C5F7FB0A27799A /* ExifService.swift */ = {isa = PBXFileReference; lastKnownFileType = sourcecode.swift; path = ExifService.swift; sourceTree = "<group>"; };
		F4FC5AD994C48FC6CA3BD17D /* VehicleDetectorSmokeTests.swift */ = {isa = PBXFileReference; lastKnownFileType = sourcecode.swift; path = VehicleDetectorSmokeTests.swift; sourceTree = "<group>"; };
		FCC9300C2575B21C33829EEE /* DenverDTOs.swift */ = {isa = PBXFileReference; lastKnownFileType = sourcecode.swift; path = DenverDTOs.swift; sourceTree = "<group>"; };
		FF79F889E18D7C0F4E8F9D3A /* PlateOCRService.swift */ = {isa = PBXFileReference; lastKnownFileType = sourcecode.swift; path = PlateOCRService.swift; sourceTree = "<group>"; };
/* End PBXFileReference section */

/* Begin PBXGroup section */
		0934CCE00A7E60587AC94259 /* BikeLanesUITests */ = {
			isa = PBXGroup;
			children = (
				58C5287D058BEB946D7A3E8A /* BikeLanesUITests.swift */,
			);
			path = BikeLanesUITests;
			sourceTree = "<group>";
		};
		1A61B580F74C3F09563C7D13 /* App */ = {
			isa = PBXGroup;
			children = (
				920CC557048BFE0057AE61C5 /* BikeLanesApp.swift */,
				9C69D46D38EA2E0858C25DC7 /* Info.plist */,
			);
			path = App;
			sourceTree = "<group>";
		};
		4246F0E957D34C56A4223FE9 = {
			isa = PBXGroup;
			children = (
				C36B860C99A3BDE7A971DDA4 /* BikeLanes */,
				E2AF0BCFB35BDB6B729DFA5A /* BikeLanesTests */,
				0934CCE00A7E60587AC94259 /* BikeLanesUITests */,
				B22A408135FA4F7B2747209A /* Products */,
			);
			sourceTree = "<group>";
		};
		6B873526F8F5CF7DBE4794D6 /* Resources */ = {
			isa = PBXGroup;
			children = (
				C0497B7BFE0C6E567D1C62B6 /* MLModels */,
			);
			path = Resources;
			sourceTree = "<group>";
		};
		B22A408135FA4F7B2747209A /* Products */ = {
			isa = PBXGroup;
			children = (
				2F93AAA295AACCA0D7D70904 /* BikeLanes.app */,
				DB5DDB44E39405EA89B9249D /* BikeLanesTests.xctest */,
				221927E0F3698AF42FD56436 /* BikeLanesUITests.xctest */,
			);
			name = Products;
			sourceTree = "<group>";
		};
		C014F7EF30463CA1D5B98138 /* Models */ = {
			isa = PBXGroup;
			children = (
				42D970997DCC2E57329DBE23 /* DenverAddress.swift */,
				88EEBB039EB64EF8537C9187 /* Enums.swift */,
				CC3F0EA9E26D8EC678F5CDCD /* ReportDraft.swift */,
				7490EA148B766AAE39BCA1D9 /* StoredCase.swift */,
			);
			path = Models;
			sourceTree = "<group>";
		};
		C0497B7BFE0C6E567D1C62B6 /* MLModels */ = {
			isa = PBXGroup;
			children = (
				C653C1DC180D08491DEF7CCC /* YOLOv11nCar.mlpackage */,
			);
			path = MLModels;
			sourceTree = "<group>";
		};
		C36B860C99A3BDE7A971DDA4 /* BikeLanes */ = {
			isa = PBXGroup;
			children = (
				1A61B580F74C3F09563C7D13 /* App */,
				C014F7EF30463CA1D5B98138 /* Models */,
				6B873526F8F5CF7DBE4794D6 /* Resources */,
				D93AAAF7A1F0E06B5BAE4A15 /* Services */,
				D6D1719BB93F39E04CA51567 /* Views */,
			);
			path = BikeLanes;
			sourceTree = "<group>";
		};
		D5DB19731EE758B86F591704 /* Fixtures */ = {
			isa = PBXGroup;
			children = (
				CEB0E3A586EC1D061EC5EF0C /* IMG_3239_car.jpg */,
				64CD891CA224757AA0BF6038 /* IMG_3239.HEIC */,
				C3EA987F1D6644BB273D5D57 /* NoGPS.jpg */,
			);
			path = Fixtures;
			sourceTree = "<group>";
		};
		D6D1719BB93F39E04CA51567 /* Views */ = {
			isa = PBXGroup;
			children = (
			);
			path = Views;
			sourceTree = "<group>";
		};
		D93AAAF7A1F0E06B5BAE4A15 /* Services */ = {
			isa = PBXGroup;
			children = (
				4E4D17644029DF1E2491E29A /* AddressNormalizer.swift */,
				E7D0E5C442C5F7FB0A27799A /* ExifService.swift */,
				0CFE76492BB1B86867E7B95D /* GeocodeService.swift */,
				FF79F889E18D7C0F4E8F9D3A /* PlateOCRService.swift */,
				C1B2647E77E06DBD5E4A4A24 /* VehicleDetector.swift */,
				E84FF1CB3880A2FB1BCC0571 /* DenverAPI */,
			);
			path = Services;
			sourceTree = "<group>";
		};
		E2AF0BCFB35BDB6B729DFA5A /* BikeLanesTests */ = {
			isa = PBXGroup;
			children = (
				C6E39AB08C337CFB023B23A6 /* AddressNormalizerTests.swift */,
				CA9FEAAF1023FF6ED074F712 /* BikeLanesTests.swift */,
				5453164CF19C9675497614FE /* DenverAPIClientTests.swift */,
				ABBF0680664CB0F00F423219 /* DenverDTOsTests.swift */,
				99103EEFD3BD6E7721B94614 /* DenverEndpointsTests.swift */,
				A3D5DB350F54D44D856B5005 /* EnumsTests.swift */,
				372AC6D55D6D2F10D7256A1C /* ExifServiceTests.swift */,
				829CEA62FED53C9191F08150 /* GeocodeServiceTests.swift */,
				4178B79218D6A4B7E410428B /* LiveAPIIntegrationTests.swift */,
				84EBD707D6DEDEE5421668B1 /* MultipartTests.swift */,
				528479C328B70CA11ADE38C4 /* PlateOCRServiceTests.swift */,
				F4FC5AD994C48FC6CA3BD17D /* VehicleDetectorSmokeTests.swift */,
				BD95F78A0171E31B56E3025A /* VehicleDetectorTests.swift */,
				D5DB19731EE758B86F591704 /* Fixtures */,
			);
			path = BikeLanesTests;
			sourceTree = "<group>";
		};
		E84FF1CB3880A2FB1BCC0571 /* DenverAPI */ = {
			isa = PBXGroup;
			children = (
				7165AB387F3447E6C6D25E32 /* DenverAPIClient.swift */,
				FCC9300C2575B21C33829EEE /* DenverDTOs.swift */,
				0179735DE1E80F82434B4602 /* DenverEndpoints.swift */,
				E35FEAFC973ECCDCC38025A5 /* Multipart.swift */,
			);
			path = DenverAPI;
			sourceTree = "<group>";
		};
/* End PBXGroup section */

/* Begin PBXNativeTarget section */
		9F5B492408998F78C4579854 /* BikeLanesTests */ = {
			isa = PBXNativeTarget;
			buildConfigurationList = B9CD87363B3C13BF5F23EC0A /* Build configuration list for PBXNativeTarget "BikeLanesTests" */;
			buildPhases = (
				482930B2C2D7209129A352AD /* Sources */,
				D5097C2B707CB0A1606948A6 /* Resources */,
			);
			buildRules = (
			);
			dependencies = (
				6F9B04DEAFB5B2FCDB74636F /* PBXTargetDependency */,
			);
			name = BikeLanesTests;
			packageProductDependencies = (
			);
			productName = BikeLanesTests;
			productReference = DB5DDB44E39405EA89B9249D /* BikeLanesTests.xctest */;
			productType = "com.apple.product-type.bundle.unit-test";
		};
		B487291837A2F31B6151C393 /* BikeLanesUITests */ = {
			isa = PBXNativeTarget;
			buildConfigurationList = 05A1D4454CCF3621E39CC0F3 /* Build configuration list for PBXNativeTarget "BikeLanesUITests" */;
			buildPhases = (
				6D38F09E8328937397D7E23E /* Sources */,
			);
			buildRules = (
			);
			dependencies = (
				A937A18A294C23BFC54A16A6 /* PBXTargetDependency */,
			);
			name = BikeLanesUITests;
			packageProductDependencies = (
			);
			productName = BikeLanesUITests;
			productReference = 221927E0F3698AF42FD56436 /* BikeLanesUITests.xctest */;
			productType = "com.apple.product-type.bundle.ui-testing";
		};
		DFFE9A770BD3C05C54BD98FF /* BikeLanes */ = {
			isa = PBXNativeTarget;
			buildConfigurationList = 496767054A98BA6EEF2C30D6 /* Build configuration list for PBXNativeTarget "BikeLanes" */;
			buildPhases = (
				93283FF25F3372D9E06A14FF /* Sources */,
			);
			buildRules = (
			);
			dependencies = (
			);
			name = BikeLanes;
			packageProductDependencies = (
			);
			productName = BikeLanes;
			productReference = 2F93AAA295AACCA0D7D70904 /* BikeLanes.app */;
			productType = "com.apple.product-type.application";
		};
/* End PBXNativeTarget section */

/* Begin PBXProject section */
		7AC87E9B14010A513A128901 /* Project object */ = {
			isa = PBXProject;
			attributes = {
				BuildIndependentTargetsInParallel = YES;
				LastUpgradeCheck = 2640;
				TargetAttributes = {
					9F5B492408998F78C4579854 = {
						DevelopmentTeam = "";
						ProvisioningStyle = Automatic;
					};
					B487291837A2F31B6151C393 = {
						DevelopmentTeam = "";
						ProvisioningStyle = Automatic;
						TestTargetID = DFFE9A770BD3C05C54BD98FF;
					};
					DFFE9A770BD3C05C54BD98FF = {
						DevelopmentTeam = "";
						ProvisioningStyle = Automatic;
					};
				};
			};
			buildConfigurationList = 0A1F85541DEB2614B768AB6C /* Build configuration list for PBXProject "BikeLanes" */;
			developmentRegion = en;
			hasScannedForEncodings = 0;
			knownRegions = (
				Base,
				en,
			);
			mainGroup = 4246F0E957D34C56A4223FE9;
			minimizedProjectReferenceProxies = 1;
			preferredProjectObjectVersion = 77;
			productRefGroup = B22A408135FA4F7B2747209A /* Products */;
			projectDirPath = "";
			projectRoot = "";
			targets = (
				DFFE9A770BD3C05C54BD98FF /* BikeLanes */,
				9F5B492408998F78C4579854 /* BikeLanesTests */,
				B487291837A2F31B6151C393 /* BikeLanesUITests */,
			);
		};
/* End PBXProject section */

/* Begin PBXResourcesBuildPhase section */
		D5097C2B707CB0A1606948A6 /* Resources */ = {
			isa = PBXResourcesBuildPhase;
			buildActionMask = 2147483647;
			files = (
				AAE480938978FA6A577AB4EC /* IMG_3239.HEIC in Resources */,
				DC452A7C60883F57A098DA0A /* IMG_3239_car.jpg in Resources */,
				BC86972CA78ECCD29DC5762A /* NoGPS.jpg in Resources */,
			);
			runOnlyForDeploymentPostprocessing = 0;
		};
/* End PBXResourcesBuildPhase section */

/* Begin PBXSourcesBuildPhase section */
		482930B2C2D7209129A352AD /* Sources */ = {
			isa = PBXSourcesBuildPhase;
			buildActionMask = 2147483647;
			files = (
				4D883DCC87AB7388635D9E37 /* AddressNormalizerTests.swift in Sources */,
				3C1E268538256A547A2A07CC /* BikeLanesTests.swift in Sources */,
				AD9FF671C76154D53B5B1E91 /* DenverAPIClientTests.swift in Sources */,
				7B17CDDC9FDDFE086D5FEBDC /* DenverDTOsTests.swift in Sources */,
				B5D60BE663106F917F140215 /* DenverEndpointsTests.swift in Sources */,
				CFB4A3E0C4276F717D50F123 /* EnumsTests.swift in Sources */,
				80D331F83758E3F62A6DFCA7 /* ExifServiceTests.swift in Sources */,
				60EC0767F26389AF70684300 /* GeocodeServiceTests.swift in Sources */,
				7B7723517BBDBC70B6D49433 /* LiveAPIIntegrationTests.swift in Sources */,
				B096F307A3D64E9C32DD6A2E /* MultipartTests.swift in Sources */,
				59825075DA4AC24BC8BBD9F2 /* PlateOCRServiceTests.swift in Sources */,
				805F165A822179BA313C8167 /* VehicleDetectorSmokeTests.swift in Sources */,
				4F5B33CF1F02DC4A4C0E1C7D /* VehicleDetectorTests.swift in Sources */,
			);
			runOnlyForDeploymentPostprocessing = 0;
		};
		6D38F09E8328937397D7E23E /* Sources */ = {
			isa = PBXSourcesBuildPhase;
			buildActionMask = 2147483647;
			files = (
				EFECC5FD1FA6102B87CA9B99 /* BikeLanesUITests.swift in Sources */,
			);
			runOnlyForDeploymentPostprocessing = 0;
		};
		93283FF25F3372D9E06A14FF /* Sources */ = {
			isa = PBXSourcesBuildPhase;
			buildActionMask = 2147483647;
			files = (
				1F27D3117D6A36D5E2F7E374 /* AddressNormalizer.swift in Sources */,
				2B254B7AE01EDBDA2BFA88C7 /* BikeLanesApp.swift in Sources */,
				1968757C66AA9F51EC19429C /* DenverAPIClient.swift in Sources */,
				52BEF65225C7614EBB679F99 /* DenverAddress.swift in Sources */,
				02F44A9F65938520083CC58E /* DenverDTOs.swift in Sources */,
				74D0421ECAD240320E04371B /* DenverEndpoints.swift in Sources */,
				3D841E42099DCB310EAAFB63 /* Enums.swift in Sources */,
				1D6C2E2CFC738A1962BDF7CE /* ExifService.swift in Sources */,
				47162AF3E1A4BD573A6F9B21 /* GeocodeService.swift in Sources */,
				5B5E0B3A610C1EBEF1D57070 /* Multipart.swift in Sources */,
				69649F41D440CB93FE121881 /* PlateOCRService.swift in Sources */,
				CE2F6130D24052B69479A2D8 /* ReportDraft.swift in Sources */,
				EA3350D6C81D211DB3C59781 /* StoredCase.swift in Sources */,
				685D5A6047B7906079BBE3BA /* VehicleDetector.swift in Sources */,
				FBEB25E71D9950B2963D41EA /* YOLOv11nCar.mlpackage in Sources */,
			);
			runOnlyForDeploymentPostprocessing = 0;
		};
/* End PBXSourcesBuildPhase section */

/* Begin PBXTargetDependency section */
		6F9B04DEAFB5B2FCDB74636F /* PBXTargetDependency */ = {
			isa = PBXTargetDependency;
			target = DFFE9A770BD3C05C54BD98FF /* BikeLanes */;
			targetProxy = 1C2CAAB0B190DFAFDF17ED88 /* PBXContainerItemProxy */;
		};
		A937A18A294C23BFC54A16A6 /* PBXTargetDependency */ = {
			isa = PBXTargetDependency;
			target = DFFE9A770BD3C05C54BD98FF /* BikeLanes */;
			targetProxy = C642BF0A1D7C035EB190E1A7 /* PBXContainerItemProxy */;
		};
/* End PBXTargetDependency section */

/* Begin XCBuildConfiguration section */
		429C470FC0DA40E8C99F5D9D /* Release */ = {
			isa = XCBuildConfiguration;
			buildSettings = {
				BUNDLE_LOADER = "$(TEST_HOST)";
				GENERATE_INFOPLIST_FILE = YES;
				IPHONEOS_DEPLOYMENT_TARGET = 17.0;
				LD_RUNPATH_SEARCH_PATHS = (
					"$(inherited)",
					"@executable_path/Frameworks",
					"@loader_path/Frameworks",
				);
				PRODUCT_BUNDLE_IDENTIFIER = ink.sam.bikelanes.tests;
				SDKROOT = iphoneos;
				TARGETED_DEVICE_FAMILY = "1,2";
				TEST_HOST = "$(BUILT_PRODUCTS_DIR)/BikeLanes.app/$(BUNDLE_EXECUTABLE_FOLDER_PATH)/BikeLanes";
			};
			name = Release;
		};
		5174A2D6AE0A1710316B712D /* Release */ = {
			isa = XCBuildConfiguration;
			buildSettings = {
				BUNDLE_LOADER = "$(TEST_HOST)";
				GENERATE_INFOPLIST_FILE = YES;
				IPHONEOS_DEPLOYMENT_TARGET = 17.0;
				LD_RUNPATH_SEARCH_PATHS = (
					"$(inherited)",
					"@executable_path/Frameworks",
					"@loader_path/Frameworks",
				);
				PRODUCT_BUNDLE_IDENTIFIER = ink.sam.bikelanes.uitests;
				SDKROOT = iphoneos;
				TARGETED_DEVICE_FAMILY = "1,2";
				TEST_TARGET_NAME = BikeLanes;
			};
			name = Release;
		};
		913D01955290037967DEEC38 /* Debug */ = {
			isa = XCBuildConfiguration;
			buildSettings = {
				ASSETCATALOG_COMPILER_APPICON_NAME = AppIcon;
				CODE_SIGN_IDENTITY = "iPhone Developer";
				ENABLE_PREVIEWS = YES;
				GENERATE_INFOPLIST_FILE = NO;
				INFOPLIST_FILE = BikeLanes/App/Info.plist;
				IPHONEOS_DEPLOYMENT_TARGET = 17.0;
				LD_RUNPATH_SEARCH_PATHS = (
					"$(inherited)",
					"@executable_path/Frameworks",
				);
				PRODUCT_BUNDLE_IDENTIFIER = ink.sam.bikelanes;
				PRODUCT_NAME = BikeLanes;
				SDKROOT = iphoneos;
				SWIFT_EMIT_LOC_STRINGS = YES;
				TARGETED_DEVICE_FAMILY = 1;
			};
			name = Debug;
		};
		9426660A2457583933650895 /* Release */ = {
			isa = XCBuildConfiguration;
			buildSettings = {
				ALWAYS_SEARCH_USER_PATHS = NO;
				CLANG_ANALYZER_NONNULL = YES;
				CLANG_ANALYZER_NUMBER_OBJECT_CONVERSION = YES_AGGRESSIVE;
				CLANG_CXX_LANGUAGE_STANDARD = "gnu++14";
				CLANG_CXX_LIBRARY = "libc++";
				CLANG_ENABLE_MODULES = YES;
				CLANG_ENABLE_OBJC_ARC = YES;
				CLANG_ENABLE_OBJC_WEAK = YES;
				CLANG_WARN_BLOCK_CAPTURE_AUTORELEASING = YES;
				CLANG_WARN_BOOL_CONVERSION = YES;
				CLANG_WARN_COMMA = YES;
				CLANG_WARN_CONSTANT_CONVERSION = YES;
				CLANG_WARN_DEPRECATED_OBJC_IMPLEMENTATIONS = YES;
				CLANG_WARN_DIRECT_OBJC_ISA_USAGE = YES_ERROR;
				CLANG_WARN_DOCUMENTATION_COMMENTS = YES;
				CLANG_WARN_EMPTY_BODY = YES;
				CLANG_WARN_ENUM_CONVERSION = YES;
				CLANG_WARN_INFINITE_RECURSION = YES;
				CLANG_WARN_INT_CONVERSION = YES;
				CLANG_WARN_NON_LITERAL_NULL_CONVERSION = YES;
				CLANG_WARN_OBJC_IMPLICIT_RETAIN_SELF = YES;
				CLANG_WARN_OBJC_LITERAL_CONVERSION = YES;
				CLANG_WARN_OBJC_ROOT_CLASS = YES_ERROR;
				CLANG_WARN_QUOTED_INCLUDE_IN_FRAMEWORK_HEADER = YES;
				CLANG_WARN_RANGE_LOOP_ANALYSIS = YES;
				CLANG_WARN_STRICT_PROTOTYPES = YES;
				CLANG_WARN_SUSPICIOUS_MOVE = YES;
				CLANG_WARN_UNGUARDED_AVAILABILITY = YES_AGGRESSIVE;
				CLANG_WARN_UNREACHABLE_CODE = YES;
				CLANG_WARN__DUPLICATE_METHOD_MATCH = YES;
				CODE_SIGNING_ALLOWED = NO;
				CODE_SIGNING_REQUIRED = NO;
				CODE_SIGN_IDENTITY = "";
				CODE_SIGN_STYLE = Automatic;
				COPY_PHASE_STRIP = NO;
				CURRENT_PROJECT_VERSION = 1;
				DEBUG_INFORMATION_FORMAT = "dwarf-with-dsym";
				DEVELOPMENT_TEAM = "";
				ENABLE_NS_ASSERTIONS = NO;
				ENABLE_STRICT_OBJC_MSGSEND = YES;
				ENABLE_USER_SCRIPT_SANDBOXING = NO;
				GCC_C_LANGUAGE_STANDARD = gnu11;
				GCC_NO_COMMON_BLOCKS = YES;
				GCC_WARN_64_TO_32_BIT_CONVERSION = YES;
				GCC_WARN_ABOUT_RETURN_TYPE = YES_ERROR;
				GCC_WARN_UNDECLARED_SELECTOR = YES;
				GCC_WARN_UNINITIALIZED_AUTOS = YES_AGGRESSIVE;
				GCC_WARN_UNUSED_FUNCTION = YES;
				GCC_WARN_UNUSED_VARIABLE = YES;
				IPHONEOS_DEPLOYMENT_TARGET = 17.0;
				MARKETING_VERSION = 0.1.0;
				MTL_ENABLE_DEBUG_INFO = NO;
				MTL_FAST_MATH = YES;
				PRODUCT_NAME = "$(TARGET_NAME)";
				SDKROOT = iphoneos;
				SWIFT_COMPILATION_MODE = wholemodule;
				SWIFT_OPTIMIZATION_LEVEL = "-O";
				SWIFT_VERSION = 6.0;
			};
			name = Release;
		};
		9C28E77069D622EEF68D8874 /* Debug */ = {
			isa = XCBuildConfiguration;
			buildSettings = {
				ALWAYS_SEARCH_USER_PATHS = NO;
				CLANG_ANALYZER_NONNULL = YES;
				CLANG_ANALYZER_NUMBER_OBJECT_CONVERSION = YES_AGGRESSIVE;
				CLANG_CXX_LANGUAGE_STANDARD = "gnu++14";
				CLANG_CXX_LIBRARY = "libc++";
				CLANG_ENABLE_MODULES = YES;
				CLANG_ENABLE_OBJC_ARC = YES;
				CLANG_ENABLE_OBJC_WEAK = YES;
				CLANG_WARN_BLOCK_CAPTURE_AUTORELEASING = YES;
				CLANG_WARN_BOOL_CONVERSION = YES;
				CLANG_WARN_COMMA = YES;
				CLANG_WARN_CONSTANT_CONVERSION = YES;
				CLANG_WARN_DEPRECATED_OBJC_IMPLEMENTATIONS = YES;
				CLANG_WARN_DIRECT_OBJC_ISA_USAGE = YES_ERROR;
				CLANG_WARN_DOCUMENTATION_COMMENTS = YES;
				CLANG_WARN_EMPTY_BODY = YES;
				CLANG_WARN_ENUM_CONVERSION = YES;
				CLANG_WARN_INFINITE_RECURSION = YES;
				CLANG_WARN_INT_CONVERSION = YES;
				CLANG_WARN_NON_LITERAL_NULL_CONVERSION = YES;
				CLANG_WARN_OBJC_IMPLICIT_RETAIN_SELF = YES;
				CLANG_WARN_OBJC_LITERAL_CONVERSION = YES;
				CLANG_WARN_OBJC_ROOT_CLASS = YES_ERROR;
				CLANG_WARN_QUOTED_INCLUDE_IN_FRAMEWORK_HEADER = YES;
				CLANG_WARN_RANGE_LOOP_ANALYSIS = YES;
				CLANG_WARN_STRICT_PROTOTYPES = YES;
				CLANG_WARN_SUSPICIOUS_MOVE = YES;
				CLANG_WARN_UNGUARDED_AVAILABILITY = YES_AGGRESSIVE;
				CLANG_WARN_UNREACHABLE_CODE = YES;
				CLANG_WARN__DUPLICATE_METHOD_MATCH = YES;
				CODE_SIGNING_ALLOWED = NO;
				CODE_SIGNING_REQUIRED = NO;
				CODE_SIGN_IDENTITY = "";
				CODE_SIGN_STYLE = Automatic;
				COPY_PHASE_STRIP = NO;
				CURRENT_PROJECT_VERSION = 1;
				DEBUG_INFORMATION_FORMAT = dwarf;
				DEVELOPMENT_TEAM = "";
				ENABLE_STRICT_OBJC_MSGSEND = YES;
				ENABLE_TESTABILITY = YES;
				ENABLE_USER_SCRIPT_SANDBOXING = NO;
				GCC_C_LANGUAGE_STANDARD = gnu11;
				GCC_DYNAMIC_NO_PIC = NO;
				GCC_NO_COMMON_BLOCKS = YES;
				GCC_OPTIMIZATION_LEVEL = 0;
				GCC_PREPROCESSOR_DEFINITIONS = (
					"$(inherited)",
					"DEBUG=1",
				);
				GCC_WARN_64_TO_32_BIT_CONVERSION = YES;
				GCC_WARN_ABOUT_RETURN_TYPE = YES_ERROR;
				GCC_WARN_UNDECLARED_SELECTOR = YES;
				GCC_WARN_UNINITIALIZED_AUTOS = YES_AGGRESSIVE;
				GCC_WARN_UNUSED_FUNCTION = YES;
				GCC_WARN_UNUSED_VARIABLE = YES;
				IPHONEOS_DEPLOYMENT_TARGET = 17.0;
				MARKETING_VERSION = 0.1.0;
				MTL_ENABLE_DEBUG_INFO = INCLUDE_SOURCE;
				MTL_FAST_MATH = YES;
				ONLY_ACTIVE_ARCH = YES;
				PRODUCT_NAME = "$(TARGET_NAME)";
				SDKROOT = iphoneos;
				SWIFT_ACTIVE_COMPILATION_CONDITIONS = DEBUG;
				SWIFT_OPTIMIZATION_LEVEL = "-Onone";
				SWIFT_VERSION = 6.0;
			};
			name = Debug;
		};
		A26D7CB202C160AD774D085D /* Debug */ = {
			isa = XCBuildConfiguration;
			buildSettings = {
				BUNDLE_LOADER = "$(TEST_HOST)";
				GENERATE_INFOPLIST_FILE = YES;
				IPHONEOS_DEPLOYMENT_TARGET = 17.0;
				LD_RUNPATH_SEARCH_PATHS = (
					"$(inherited)",
					"@executable_path/Frameworks",
					"@loader_path/Frameworks",
				);
				PRODUCT_BUNDLE_IDENTIFIER = ink.sam.bikelanes.tests;
				SDKROOT = iphoneos;
				TARGETED_DEVICE_FAMILY = "1,2";
				TEST_HOST = "$(BUILT_PRODUCTS_DIR)/BikeLanes.app/$(BUNDLE_EXECUTABLE_FOLDER_PATH)/BikeLanes";
			};
			name = Debug;
		};
		CFCB1960BE71F75871EE74AD /* Debug */ = {
			isa = XCBuildConfiguration;
			buildSettings = {
				BUNDLE_LOADER = "$(TEST_HOST)";
				GENERATE_INFOPLIST_FILE = YES;
				IPHONEOS_DEPLOYMENT_TARGET = 17.0;
				LD_RUNPATH_SEARCH_PATHS = (
					"$(inherited)",
					"@executable_path/Frameworks",
					"@loader_path/Frameworks",
				);
				PRODUCT_BUNDLE_IDENTIFIER = ink.sam.bikelanes.uitests;
				SDKROOT = iphoneos;
				TARGETED_DEVICE_FAMILY = "1,2";
				TEST_TARGET_NAME = BikeLanes;
			};
			name = Debug;
		};
		F4D2372E390C68769BF7197C /* Release */ = {
			isa = XCBuildConfiguration;
			buildSettings = {
				ASSETCATALOG_COMPILER_APPICON_NAME = AppIcon;
				CODE_SIGN_IDENTITY = "iPhone Developer";
				ENABLE_PREVIEWS = YES;
				GENERATE_INFOPLIST_FILE = NO;
				INFOPLIST_FILE = BikeLanes/App/Info.plist;
				IPHONEOS_DEPLOYMENT_TARGET = 17.0;
				LD_RUNPATH_SEARCH_PATHS = (
					"$(inherited)",
					"@executable_path/Frameworks",
				);
				PRODUCT_BUNDLE_IDENTIFIER = ink.sam.bikelanes;
				PRODUCT_NAME = BikeLanes;
				SDKROOT = iphoneos;
				SWIFT_EMIT_LOC_STRINGS = YES;
				TARGETED_DEVICE_FAMILY = 1;
			};
			name = Release;
		};
/* End XCBuildConfiguration section */

/* Begin XCConfigurationList section */
		05A1D4454CCF3621E39CC0F3 /* Build configuration list for PBXNativeTarget "BikeLanesUITests" */ = {
			isa = XCConfigurationList;
			buildConfigurations = (
				CFCB1960BE71F75871EE74AD /* Debug */,
				5174A2D6AE0A1710316B712D /* Release */,
			);
			defaultConfigurationIsVisible = 0;
			defaultConfigurationName = Debug;
		};
		0A1F85541DEB2614B768AB6C /* Build configuration list for PBXProject "BikeLanes" */ = {
			isa = XCConfigurationList;
			buildConfigurations = (
				9C28E77069D622EEF68D8874 /* Debug */,
				9426660A2457583933650895 /* Release */,
			);
			defaultConfigurationIsVisible = 0;
			defaultConfigurationName = Debug;
		};
		496767054A98BA6EEF2C30D6 /* Build configuration list for PBXNativeTarget "BikeLanes" */ = {
			isa = XCConfigurationList;
			buildConfigurations = (
				913D01955290037967DEEC38 /* Debug */,
				F4D2372E390C68769BF7197C /* Release */,
			);
			defaultConfigurationIsVisible = 0;
			defaultConfigurationName = Debug;
		};
		B9CD87363B3C13BF5F23EC0A /* Build configuration list for PBXNativeTarget "BikeLanesTests" */ = {
			isa = XCConfigurationList;
			buildConfigurations = (
				A26D7CB202C160AD774D085D /* Debug */,
				429C470FC0DA40E8C99F5D9D /* Release */,
			);
			defaultConfigurationIsVisible = 0;
			defaultConfigurationName = Debug;
		};
/* End XCConfigurationList section */
	};
	rootObject = 7AC87E9B14010A513A128901 /* Project object */;
}
